schema: '2.0'
stages:
  data_ingestion:
    cmd: python src/data_ingestion.py
    deps:
    - path: src/data_ingestion.py
      hash: md5
      md5: 367374e3da17d6bed39814eb08841f19
      size: 3029
    - path: train_data.csv
      hash: md5
      md5: f147942c91d00d754503775341d13682
      size: 987712
    params:
      params.yaml:
        data_ingestion.test_size: 0.15
    outs:
    - path: data/raw
      hash: md5
      md5: 0a1d7179ad7143b36b0149407350217b.dir
      size: 839781
      nfiles: 2
  data_preprocessing:
    cmd: python src/data_preprocessing.py
    deps:
    - path: data/raw
      hash: md5
      md5: 0a1d7179ad7143b36b0149407350217b.dir
      size: 839781
      nfiles: 2
    - path: src/data_preprocessing.py
      hash: md5
      md5: a63bfb3ad36a9dde5385f024731e4e51
      size: 3071
    outs:
    - path: data/interim
      hash: md5
      md5: e9b94bdcf2939c17f358412075ff3d43.dir
      size: 508845
      nfiles: 2
  feature_engineering:
    cmd: python src/feature_engineering.py
    deps:
    - path: data/interim
      hash: md5
      md5: e9b94bdcf2939c17f358412075ff3d43.dir
      size: 508845
      nfiles: 2
    - path: src/feature_engineering.py
      hash: md5
      md5: c1c8243654cec86d725f2d7fdc140a30
      size: 3370
    params:
      params.yaml:
        feature_engineering.max_features: 60
    outs:
    - path: data/processed
      hash: md5
      md5: ad98662aade75743496e2fc6b95549ab.dir
      size: 2005079
      nfiles: 2
  model_building:
    cmd: python src/model_building.py
    deps:
    - path: data/processed
      hash: md5
      md5: ad98662aade75743496e2fc6b95549ab.dir
      size: 2005079
      nfiles: 2
    - path: src/model_building.py
      hash: md5
      md5: 976b76918c2339c20a696858e217341b
      size: 3555
    params:
      params.yaml:
        model_building.n_estimators: 35
        model_building.random_state: 2
    outs:
    - path: models/model.pkl
      hash: md5
      md5: 30a7eca606de033845cf4c1db32b20b4
      size: 3684385
  models_evaluation:
    cmd: python src/model_evaluation.py
    deps:
    - path: data/processed
      hash: md5
      md5: ad98662aade75743496e2fc6b95549ab.dir
      size: 2005079
      nfiles: 2
    - path: models/model.pkl
      hash: md5
      md5: 30a7eca606de033845cf4c1db32b20b4
      size: 3684385
    - path: src/model_evaluation.py
      hash: md5
      md5: f82a3c49b208fb7636a795b3a30d96d4
      size: 6718
    outs:
    - path: reports/metrics.json
      hash: md5
      md5: 86222f6ee6293f4388a225cc7dd7ce62
      size: 146
